
Microsoft Visual Studio Solution File, Format Version 12.00
# Visual Studio Version 17
VisualStudioVersion = 17.10.35013.160
MinimumVisualStudioVersion = 10.0.40219.1
Project("{FAE04EC0-301F-11D3-BF4B-00C04F79EFBC}") = "SilkWeb", "SilkWeb\SilkWeb.csproj", "{AEFD04D7-0720-4643-8511-D3B838589AE4}"
EndProject
Global
	GlobalSection(SolutionConfigurationPlatforms) = preSolution
		Debug|Any CPU = Debug|Any CPU
		Release|Any CPU = Release|Any CPU
	EndGlobalSection
	GlobalSection(ProjectConfigurationPlatforms) = postSolution
		{AEFD04D7-0720-4643-8511-D3B838589AE4}.Debug|Any CPU.ActiveCfg = Debug|Any CPU
		{AEFD04D7-0720-4643-8511-D3B838589AE4}.Debug|Any CPU.Build.0 = Debug|Any CPU
		{AEFD04D7-0720-4643-8511-D3B838589AE4}.Release|Any CPU.ActiveCfg = Release|Any CPU
		{AEFD04D7-0720-4643-8511-D3B838589AE4}.Release|Any CPU.Build.0 = Release|Any CPU
	EndGlobalSection
	GlobalSection(SolutionProperties) = preSolution
		HideSolutionNode = FALSE
	EndGlobalSection
	GlobalSection(ExtensibilityGlobals) = postSolution
		SolutionGuid = {936193EC-13EA-4709-BF6F-0111907F7BDA}
	EndGlobalSection
EndGlobal
